
Microsoft Visual Studio Solution File, Format Version 12.00
# Visual Studio Version 16
VisualStudioVersion = 16.0.29806.167
MinimumVisualStudioVersion = 10.0.40219.1
Project("{FAE04EC0-301F-11D3-BF4B-00C04F79EFBC}") = "HelloWorld.Android", "HelloWorld.Android\HelloWorld.Android.csproj", "{F7AC0915-1870-41A9-B6CD-EDA5D2E23011}"
EndProject
Project("{FAE04EC0-301F-11D3-BF4B-00C04F79EFBC}") = "HelloWorld.iOS", "HelloWorld.iOS\HelloWorld.iOS.csproj", "{2DFF8067-2A3E-462A-8415-2360AC7CB079}"
EndProject
Project("{FAE04EC0-301F-11D3-BF4B-00C04F79EFBC}") = "HelloWorld", "HelloWorld\HelloWorld.csproj", "{46251E76-B56F-426E-8656-EEDE24CC6B3C}"
EndProject
Global
	GlobalSection(SolutionConfigurationPlatforms) = preSolution
		Debug|Any CPU = Debug|Any CPU
		Debug|iPhone = Debug|iPhone
		Debug|iPhoneSimulator = Debug|iPhoneSimulator
		Release|Any CPU = Release|Any CPU
		Release|iPhone = Release|iPhone
		Release|iPhoneSimulator = Release|iPhoneSimulator
	EndGlobalSection
	GlobalSection(ProjectConfigurationPlatforms) = postSolution
		{F7AC0915-1870-41A9-B6CD-EDA5D2E23011}.Debug|Any CPU.ActiveCfg = Debug|Any CPU
		{F7AC0915-1870-41A9-B6CD-EDA5D2E23011}.Debug|Any CPU.Build.0 = Debug|Any CPU
		{F7AC0915-1870-41A9-B6CD-EDA5D2E23011}.Debug|Any CPU.Deploy.0 = Debug|Any CPU
		{F7AC0915-1870-41A9-B6CD-EDA5D2E23011}.Debug|iPhone.ActiveCfg = Debug|Any CPU
		{F7AC0915-1870-41A9-B6CD-EDA5D2E23011}.Debug|iPhone.Build.0 = Debug|Any CPU
		{F7AC0915-1870-41A9-B6CD-EDA5D2E23011}.Debug|iPhone.Deploy.0 = Debug|Any CPU
		{F7AC0915-1870-41A9-B6CD-EDA5D2E23011}.Debug|iPhoneSimulator.ActiveCfg = Debug|Any CPU
		{F7AC0915-1870-41A9-B6CD-EDA5D2E23011}.Debug|iPhoneSimulator.Build.0 = Debug|Any CPU
		{F7AC0915-1870-41A9-B6CD-EDA5D2E23011}.Debug|iPhoneSimulator.Deploy.0 = Debug|Any CPU
		{F7AC0915-1870-41A9-B6CD-EDA5D2E23011}.Release|Any CPU.ActiveCfg = Release|Any CPU
		{F7AC0915-1870-41A9-B6CD-EDA5D2E23011}.Release|Any CPU.Build.0 = Release|Any CPU
		{F7AC0915-1870-41A9-B6CD-EDA5D2E23011}.Release|Any CPU.Deploy.0 = Release|Any CPU
		{F7AC0915-1870-41A9-B6CD-EDA5D2E23011}.Release|iPhone.ActiveCfg = Release|Any CPU
		{F7AC0915-1870-41A9-B6CD-EDA5D2E23011}.Release|iPhone.Build.0 = Release|Any CPU
		{F7AC0915-1870-41A9-B6CD-EDA5D2E23011}.Release|iPhone.Deploy.0 = Release|Any CPU
		{F7AC0915-1870-41A9-B6CD-EDA5D2E23011}.Release|iPhoneSimulator.ActiveCfg = Release|Any CPU
		{F7AC0915-1870-41A9-B6CD-EDA5D2E23011}.Release|iPhoneSimulator.Build.0 = Release|Any CPU
		{F7AC0915-1870-41A9-B6CD-EDA5D2E23011}.Release|iPhoneSimulator.Deploy.0 = Release|Any CPU
		{2DFF8067-2A3E-462A-8415-2360AC7CB079}.Debug|Any CPU.ActiveCfg = Debug|iPhoneSimulator
		{2DFF8067-2A3E-462A-8415-2360AC7CB079}.Debug|Any CPU.Build.0 = Debug|iPhoneSimulator
		{2DFF8067-2A3E-462A-8415-2360AC7CB079}.Debug|Any CPU.Deploy.0 = Debug|iPhoneSimulator
		{2DFF8067-2A3E-462A-8415-2360AC7CB079}.Debug|iPhone.ActiveCfg = Debug|iPhone
		{2DFF8067-2A3E-462A-8415-2360AC7CB079}.Debug|iPhone.Build.0 = Debug|iPhone
		{2DFF8067-2A3E-462A-8415-2360AC7CB079}.Debug|iPhone.Deploy.0 = Debug|iPhone
		{2DFF8067-2A3E-462A-8415-2360AC7CB079}.Debug|iPhoneSimulator.ActiveCfg = Debug|iPhoneSimulator
		{2DFF8067-2A3E-462A-8415-2360AC7CB079}.Debug|iPhoneSimulator.Build.0 = Debug|iPhoneSimulator
		{2DFF8067-2A3E-462A-8415-2360AC7CB079}.Debug|iPhoneSimulator.Deploy.0 = Debug|iPhoneSimulator
		{2DFF8067-2A3E-462A-8415-2360AC7CB079}.Release|Any CPU.ActiveCfg = Release|iPhone
		{2DFF8067-2A3E-462A-8415-2360AC7CB079}.Release|Any CPU.Build.0 = Release|iPhone
		{2DFF8067-2A3E-462A-8415-2360AC7CB079}.Release|Any CPU.Deploy.0 = Release|iPhone
		{2DFF8067-2A3E-462A-8415-2360AC7CB079}.Release|iPhone.ActiveCfg = Release|iPhone
		{2DFF8067-2A3E-462A-8415-2360AC7CB079}.Release|iPhone.Build.0 = Release|iPhone
		{2DFF8067-2A3E-462A-8415-2360AC7CB079}.Release|iPhone.Deploy.0 = Release|iPhone
		{2DFF8067-2A3E-462A-8415-2360AC7CB079}.Release|iPhoneSimulator.ActiveCfg = Release|iPhoneSimulator
		{2DFF8067-2A3E-462A-8415-2360AC7CB079}.Release|iPhoneSimulator.Build.0 = Release|iPhoneSimulator
		{2DFF8067-2A3E-462A-8415-2360AC7CB079}.Release|iPhoneSimulator.Deploy.0 = Release|iPhoneSimulator
		{46251E76-B56F-426E-8656-EEDE24CC6B3C}.Debug|Any CPU.ActiveCfg = Debug|Any CPU
		{46251E76-B56F-426E-8656-EEDE24CC6B3C}.Debug|Any CPU.Build.0 = Debug|Any CPU
		{46251E76-B56F-426E-8656-EEDE24CC6B3C}.Debug|Any CPU.Deploy.0 = Debug|Any CPU
		{46251E76-B56F-426E-8656-EEDE24CC6B3C}.Debug|iPhone.ActiveCfg = Debug|Any CPU
		{46251E76-B56F-426E-8656-EEDE24CC6B3C}.Debug|iPhone.Build.0 = Debug|Any CPU
		{46251E76-B56F-426E-8656-EEDE24CC6B3C}.Debug|iPhone.Deploy.0 = Debug|Any CPU
		{46251E76-B56F-426E-8656-EEDE24CC6B3C}.Debug|iPhoneSimulator.ActiveCfg = Debug|Any CPU
		{46251E76-B56F-426E-8656-EEDE24CC6B3C}.Debug|iPhoneSimulator.Build.0 = Debug|Any CPU
		{46251E76-B56F-426E-8656-EEDE24CC6B3C}.Debug|iPhoneSimulator.Deploy.0 = Debug|Any CPU
		{46251E76-B56F-426E-8656-EEDE24CC6B3C}.Release|Any CPU.ActiveCfg = Release|Any CPU
		{46251E76-B56F-426E-8656-EEDE24CC6B3C}.Release|Any CPU.Build.0 = Release|Any CPU
		{46251E76-B56F-426E-8656-EEDE24CC6B3C}.Release|Any CPU.Deploy.0 = Release|Any CPU
		{46251E76-B56F-426E-8656-EEDE24CC6B3C}.Release|iPhone.ActiveCfg = Release|Any CPU
		{46251E76-B56F-426E-8656-EEDE24CC6B3C}.Release|iPhone.Build.0 = Release|Any CPU
		{46251E76-B56F-426E-8656-EEDE24CC6B3C}.Release|iPhone.Deploy.0 = Release|Any CPU
		{46251E76-B56F-426E-8656-EEDE24CC6B3C}.Release|iPhoneSimulator.ActiveCfg = Release|Any CPU
		{46251E76-B56F-426E-8656-EEDE24CC6B3C}.Release|iPhoneSimulator.Build.0 = Release|Any CPU
		{46251E76-B56F-426E-8656-EEDE24CC6B3C}.Release|iPhoneSimulator.Deploy.0 = Release|Any CPU
	EndGlobalSection
	GlobalSection(SolutionProperties) = preSolution
		HideSolutionNode = FALSE
	EndGlobalSection
	GlobalSection(ExtensibilityGlobals) = postSolution
		SolutionGuid = {32D3FF82-5CC4-4BDD-9A11-3EC0109C7078}
	EndGlobalSection
EndGlobal
